// !$*UTF8*$!
{
	archiveVersion = 1;
	classes = {
	};
	objectVersion = 46;
	objects = {

/* Begin PBXBuildFile section */
		D83C0F841C73D9AA0072173B /* WatchlistViewController.swift in Sources */ = {isa = PBXBuildFile; fileRef = D83C0F831C73D9AA0072173B /* WatchlistViewController.swift */; };
		D8E925311C734229008376CD /* AppDelegate.swift in Sources */ = {isa = PBXBuildFile; fileRef = D8E925301C734229008376CD /* AppDelegate.swift */; };
		D8E925361C73422A008376CD /* Main.storyboard in Resources */ = {isa = PBXBuildFile; fileRef = D8E925341C73422A008376CD /* Main.storyboard */; };
		D8E925381C73422A008376CD /* Assets.xcassets in Resources */ = {isa = PBXBuildFile; fileRef = D8E925371C73422A008376CD /* Assets.xcassets */; };
		D8E9253B1C73422A008376CD /* LaunchScreen.storyboard in Resources */ = {isa = PBXBuildFile; fileRef = D8E925391C73422A008376CD /* LaunchScreen.storyboard */; };
		D8E925461C73422A008376CD /* MovieManagrTests.swift in Sources */ = {isa = PBXBuildFile; fileRef = D8E925451C73422A008376CD /* MovieManagrTests.swift */; };
		D8E925511C73422A008376CD /* MovieManagrUITests.swift in Sources */ = {isa = PBXBuildFile; fileRef = D8E925501C73422A008376CD /* MovieManagrUITests.swift */; };
		D8E925631C734378008376CD /* GCDBlackBox.swift in Sources */ = {isa = PBXBuildFile; fileRef = D8E925621C734378008376CD /* GCDBlackBox.swift */; };
		D8E925671C7343BD008376CD /* BorderedButton.swift in Sources */ = {isa = PBXBuildFile; fileRef = D8E925661C7343BD008376CD /* BorderedButton.swift */; };
		D8E925691C734435008376CD /* TMDBAuthViewController.swift in Sources */ = {isa = PBXBuildFile; fileRef = D8E925681C734435008376CD /* TMDBAuthViewController.swift */; };
		D8E9256B1C7344A3008376CD /* TMDBConvenience.swift in Sources */ = {isa = PBXBuildFile; fileRef = D8E9256A1C7344A3008376CD /* TMDBConvenience.swift */; };
		D8E9256D1C7344E9008376CD /* TMDBClient.swift in Sources */ = {isa = PBXBuildFile; fileRef = D8E9256C1C7344E9008376CD /* TMDBClient.swift */; };
		D8E9256F1C73452F008376CD /* TMDBConstants.swift in Sources */ = {isa = PBXBuildFile; fileRef = D8E9256E1C73452F008376CD /* TMDBConstants.swift */; };
		D8E925711C7345A6008376CD /* TMDBConfig.swift in Sources */ = {isa = PBXBuildFile; fileRef = D8E925701C7345A6008376CD /* TMDBConfig.swift */; };
		D8E925731C7345CF008376CD /* TMDBMovie.swift in Sources */ = {isa = PBXBuildFile; fileRef = D8E925721C7345CF008376CD /* TMDBMovie.swift */; };
		D8E925751C734631008376CD /* LoginViewController.swift in Sources */ = {isa = PBXBuildFile; fileRef = D8E925741C734631008376CD /* LoginViewController.swift */; };
		D8E925771C734CD9008376CD /* MovieDetailViewController.swift in Sources */ = {isa = PBXBuildFile; fileRef = D8E925761C734CD9008376CD /* MovieDetailViewController.swift */; };
		D8E925791C734CFA008376CD /* MoviePickerViewController.swift in Sources */ = {isa = PBXBuildFile; fileRef = D8E925781C734CFA008376CD /* MoviePickerViewController.swift */; };
		D8E9257B1C734D28008376CD /* FavoritesViewController.swift in Sources */ = {isa = PBXBuildFile; fileRef = D8E9257A1C734D28008376CD /* FavoritesViewController.swift */; };
/* End PBXBuildFile section */

/* Begin PBXContainerItemProxy section */
		D8E925421C73422A008376CD /* PBXContainerItemProxy */ = {
			isa = PBXContainerItemProxy;
			containerPortal = D8E925251C734229008376CD /* Project object */;
			proxyType = 1;
			remoteGlobalIDString = D8E9252C1C734229008376CD;
			remoteInfo = MovieManagr;
		};
		D8E9254D1C73422A008376CD /* PBXContainerItemProxy */ = {
			isa = PBXContainerItemProxy;
			containerPortal = D8E925251C734229008376CD /* Project object */;
			proxyType = 1;
			remoteGlobalIDString = D8E9252C1C734229008376CD;
			remoteInfo = MovieManagr;
		};
/* End PBXContainerItemProxy section */

/* Begin PBXFileReference section */
		D83C0F831C73D9AA0072173B /* WatchlistViewController.swift */ = {isa = PBXFileReference; fileEncoding = 4; lastKnownFileType = sourcecode.swift; path = WatchlistViewController.swift; sourceTree = "<group>"; };
		D8E9252D1C734229008376CD /* MovieManagr.app */ = {isa = PBXFileReference; explicitFileType = wrapper.application; includeInIndex = 0; path = MovieManagr.app; sourceTree = BUILT_PRODUCTS_DIR; };
		D8E925301C734229008376CD /* AppDelegate.swift */ = {isa = PBXFileReference; lastKnownFileType = sourcecode.swift; path = AppDelegate.swift; sourceTree = "<group>"; };
		D8E925351C73422A008376CD /* Base */ = {isa = PBXFileReference; lastKnownFileType = file.storyboard; name = Base; path = Base.lproj/Main.storyboard; sourceTree = "<group>"; };
		D8E925371C73422A008376CD /* Assets.xcassets */ = {isa = PBXFileReference; lastKnownFileType = folder.assetcatalog; path = Assets.xcassets; sourceTree = "<group>"; };
		D8E9253A1C73422A008376CD /* Base */ = {isa = PBXFileReference; lastKnownFileType = file.storyboard; name = Base; path = Base.lproj/LaunchScreen.storyboard; sourceTree = "<group>"; };
		D8E9253C1C73422A008376CD /* Info.plist */ = {isa = PBXFileReference; lastKnownFileType = text.plist.xml; path = Info.plist; sourceTree = "<group>"; };
		D8E925411C73422A008376CD /* MovieManagrTests.xctest */ = {isa = PBXFileReference; explicitFileType = wrapper.cfbundle; includeInIndex = 0; path = MovieManagrTests.xctest; sourceTree = BUILT_PRODUCTS_DIR; };
		D8E925451C73422A008376CD /* MovieManagrTests.swift */ = {isa = PBXFileReference; lastKnownFileType = sourcecode.swift; path = MovieManagrTests.swift; sourceTree = "<group>"; };
		D8E925471C73422A008376CD /* Info.plist */ = {isa = PBXFileReference; lastKnownFileType = text.plist.xml; path = Info.plist; sourceTree = "<group>"; };
		D8E9254C1C73422A008376CD /* MovieManagrUITests.xctest */ = {isa = PBXFileReference; explicitFileType = wrapper.cfbundle; includeInIndex = 0; path = MovieManagrUITests.xctest; sourceTree = BUILT_PRODUCTS_DIR; };
		D8E925501C73422A008376CD /* MovieManagrUITests.swift */ = {isa = PBXFileReference; lastKnownFileType = sourcecode.swift; path = MovieManagrUITests.swift; sourceTree = "<group>"; };
		D8E925521C73422A008376CD /* Info.plist */ = {isa = PBXFileReference; lastKnownFileType = text.plist.xml; path = Info.plist; sourceTree = "<group>"; };
		D8E925621C734378008376CD /* GCDBlackBox.swift */ = {isa = PBXFileReference; fileEncoding = 4; lastKnownFileType = sourcecode.swift; path = GCDBlackBox.swift; sourceTree = "<group>"; };
		D8E925661C7343BD008376CD /* BorderedButton.swift */ = {isa = PBXFileReference; fileEncoding = 4; lastKnownFileType = sourcecode.swift; path = BorderedButton.swift; sourceTree = "<group>"; };
		D8E925681C734435008376CD /* TMDBAuthViewController.swift */ = {isa = PBXFileReference; fileEncoding = 4; lastKnownFileType = sourcecode.swift; path = TMDBAuthViewController.swift; sourceTree = "<group>"; };
		D8E9256A1C7344A3008376CD /* TMDBConvenience.swift */ = {isa = PBXFileReference; fileEncoding = 4; lastKnownFileType = sourcecode.swift; path = TMDBConvenience.swift; sourceTree = "<group>"; };
		D8E9256C1C7344E9008376CD /* TMDBClient.swift */ = {isa = PBXFileReference; fileEncoding = 4; lastKnownFileType = sourcecode.swift; path = TMDBClient.swift; sourceTree = "<group>"; };
		D8E9256E1C73452F008376CD /* TMDBConstants.swift */ = {isa = PBXFileReference; fileEncoding = 4; lastKnownFileType = sourcecode.swift; path = TMDBConstants.swift; sourceTree = "<group>"; };
		D8E925701C7345A6008376CD /* TMDBConfig.swift */ = {isa = PBXFileReference; fileEncoding = 4; lastKnownFileType = sourcecode.swift; path = TMDBConfig.swift; sourceTree = "<group>"; };
		D8E925721C7345CF008376CD /* TMDBMovie.swift */ = {isa = PBXFileReference; fileEncoding = 4; lastKnownFileType = sourcecode.swift; path = TMDBMovie.swift; sourceTree = "<group>"; };
		D8E925741C734631008376CD /* LoginViewController.swift */ = {isa = PBXFileReference; fileEncoding = 4; lastKnownFileType = sourcecode.swift; path = LoginViewController.swift; sourceTree = "<group>"; };
		D8E925761C734CD9008376CD /* MovieDetailViewController.swift */ = {isa = PBXFileReference; fileEncoding = 4; lastKnownFileType = sourcecode.swift; path = MovieDetailViewController.swift; sourceTree = "<group>"; };
		D8E925781C734CFA008376CD /* MoviePickerViewController.swift */ = {isa = PBXFileReference; fileEncoding = 4; lastKnownFileType = sourcecode.swift; path = MoviePickerViewController.swift; sourceTree = "<group>"; };
		D8E9257A1C734D28008376CD /* FavoritesViewController.swift */ = {isa = PBXFileReference; fileEncoding = 4; lastKnownFileType = sourcecode.swift; path = FavoritesViewController.swift; sourceTree = "<group>"; };
/* End PBXFileReference section */

/* Begin PBXFrameworksBuildPhase section */
		D8E9252A1C734229008376CD /* Frameworks */ = {
			isa = PBXFrameworksBuildPhase;
			buildActionMask = 2147483647;
			files = (
			);
			runOnlyForDeploymentPostprocessing = 0;
		};
		D8E9253E1C73422A008376CD /* Frameworks */ = {
			isa = PBXFrameworksBuildPhase;
			buildActionMask = 2147483647;
			files = (
			);
			runOnlyForDeploymentPostprocessing = 0;
		};
		D8E925491C73422A008376CD /* Frameworks */ = {
			isa = PBXFrameworksBuildPhase;
			buildActionMask = 2147483647;
			files = (
			);
			runOnlyForDeploymentPostprocessing = 0;
		};
/* End PBXFrameworksBuildPhase section */

/* Begin PBXGroup section */
		D8E925241C734229008376CD = {
			isa = PBXGroup;
			children = (
				D8E9252F1C734229008376CD /* MovieManagr */,
				D8E925441C73422A008376CD /* MovieManagrTests */,
				D8E9254F1C73422A008376CD /* MovieManagrUITests */,
				D8E9252E1C734229008376CD /* Products */,
			);
			sourceTree = "<group>";
		};
		D8E9252E1C734229008376CD /* Products */ = {
			isa = PBXGroup;
			children = (
				D8E9252D1C734229008376CD /* MovieManagr.app */,
				D8E925411C73422A008376CD /* MovieManagrTests.xctest */,
				D8E9254C1C73422A008376CD /* MovieManagrUITests.xctest */,
			);
			name = Products;
			sourceTree = "<group>";
		};
		D8E9252F1C734229008376CD /* MovieManagr */ = {
			isa = PBXGroup;
			children = (
				D8E925611C73425F008376CD /* Model */,
				D8E925601C73425C008376CD /* View */,
				D8E9255F1C73425A008376CD /* Controller */,
				D8E9255E1C734259008376CD /* Assets */,
			);
			path = MovieManagr;
			sourceTree = "<group>";
		};
		D8E925441C73422A008376CD /* MovieManagrTests */ = {
			isa = PBXGroup;
			children = (
				D8E925451C73422A008376CD /* MovieManagrTests.swift */,
				D8E925471C73422A008376CD /* Info.plist */,
			);
			path = MovieManagrTests;
			sourceTree = "<group>";
		};
		D8E9254F1C73422A008376CD /* MovieManagrUITests */ = {
			isa = PBXGroup;
			children = (
				D8E925501C73422A008376CD /* MovieManagrUITests.swift */,
				D8E925521C73422A008376CD /* Info.plist */,
			);
			path = MovieManagrUITests;
			sourceTree = "<group>";
		};
		D8E9255E1C734259008376CD /* Assets */ = {
			isa = PBXGroup;
			children = (
				D8E925301C734229008376CD /* AppDelegate.swift */,
				D8E925621C734378008376CD /* GCDBlackBox.swift */,
				D8E9253C1C73422A008376CD /* Info.plist */,
			);
			name = Assets;
			sourceTree = "<group>";
		};
		D8E9255F1C73425A008376CD /* Controller */ = {
			isa = PBXGroup;
			children = (
				D8E925741C734631008376CD /* LoginViewController.swift */,
				D8E925761C734CD9008376CD /* MovieDetailViewController.swift */,
				D8E925781C734CFA008376CD /* MoviePickerViewController.swift */,
				D8E9257A1C734D28008376CD /* FavoritesViewController.swift */,
				D83C0F831C73D9AA0072173B /* WatchlistViewController.swift */,
			);
			name = Controller;
			sourceTree = "<group>";
		};
		D8E925601C73425C008376CD /* View */ = {
			isa = PBXGroup;
			children = (
				D8E925661C7343BD008376CD /* BorderedButton.swift */,
				D8E925341C73422A008376CD /* Main.storyboard */,
				D8E925391C73422A008376CD /* LaunchScreen.storyboard */,
				D8E925371C73422A008376CD /* Assets.xcassets */,
			);
			name = View;
			sourceTree = "<group>";
		};
		D8E925611C73425F008376CD /* Model */ = {
			isa = PBXGroup;
			children = (
				D8E925641C73438E008376CD /* Clients */,
			);
			name = Model;
			sourceTree = "<group>";
		};
		D8E925641C73438E008376CD /* Clients */ = {
			isa = PBXGroup;
			children = (
				D8E925651C734394008376CD /* TMDB */,
			);
			name = Clients;
			sourceTree = "<group>";
		};
		D8E925651C734394008376CD /* TMDB */ = {
			isa = PBXGroup;
			children = (
				D8E925681C734435008376CD /* TMDBAuthViewController.swift */,
				D8E925701C7345A6008376CD /* TMDBConfig.swift */,
				D8E925721C7345CF008376CD /* TMDBMovie.swift */,
				D8E9256C1C7344E9008376CD /* TMDBClient.swift */,
				D8E9256A1C7344A3008376CD /* TMDBConvenience.swift */,
				D8E9256E1C73452F008376CD /* TMDBConstants.swift */,
			);
			name = TMDB;
			sourceTree = "<group>";
		};
/* End PBXGroup section */

/* Begin PBXNativeTarget section */
		D8E9252C1C734229008376CD /* MovieManagr */ = {
			isa = PBXNativeTarget;
			buildConfigurationList = D8E925551C73422A008376CD /* Build configuration list for PBXNativeTarget "MovieManagr" */;
			buildPhases = (
				D8E925291C734229008376CD /* Sources */,
				D8E9252A1C734229008376CD /* Frameworks */,
				D8E9252B1C734229008376CD /* Resources */,
			);
			buildRules = (
			);
			dependencies = (
			);
			name = MovieManagr;
			productName = MovieManagr;
			productReference = D8E9252D1C734229008376CD /* MovieManagr.app */;
			productType = "com.apple.product-type.application";
		};
		D8E925401C73422A008376CD /* MovieManagrTests */ = {
			isa = PBXNativeTarget;
			buildConfigurationList = D8E925581C73422A008376CD /* Build configuration list for PBXNativeTarget "MovieManagrTests" */;
			buildPhases = (
				D8E9253D1C73422A008376CD /* Sources */,
				D8E9253E1C73422A008376CD /* Frameworks */,
				D8E9253F1C73422A008376CD /* Resources */,
			);
			buildRules = (
			);
			dependencies = (
				D8E925431C73422A008376CD /* PBXTargetDependency */,
			);
			name = MovieManagrTests;
			productName = MovieManagrTests;
			productReference = D8E925411C73422A008376CD /* MovieManagrTests.xctest */;
			productType = "com.apple.product-type.bundle.unit-test";
		};
		D8E9254B1C73422A008376CD /* MovieManagrUITests */ = {
			isa = PBXNativeTarget;
			buildConfigurationList = D8E9255B1C73422A008376CD /* Build configuration list for PBXNativeTarget "MovieManagrUITests" */;
			buildPhases = (
				D8E925481C73422A008376CD /* Sources */,
				D8E925491C73422A008376CD /* Frameworks */,
				D8E9254A1C73422A008376CD /* Resources */,
			);
			buildRules = (
			);
			dependencies = (
				D8E9254E1C73422A008376CD /* PBXTargetDependency */,
			);
			name = MovieManagrUITests;
			productName = MovieManagrUITests;
			productReference = D8E9254C1C73422A008376CD /* MovieManagrUITests.xctest */;
			productType = "com.apple.product-type.bundle.ui-testing";
		};
/* End PBXNativeTarget section */

/* Begin PBXProject section */
		D8E925251C734229008376CD /* Project object */ = {
			isa = PBXProject;
			attributes = {
				LastSwiftUpdateCheck = 0720;
				LastUpgradeCheck = 0720;
				ORGANIZATIONNAME = "Joseph Vallillo";
				TargetAttributes = {
					D8E9252C1C734229008376CD = {
						CreatedOnToolsVersion = 7.2;
						DevelopmentTeam = 7A4Z68Y9JC;
					};
					D8E925401C73422A008376CD = {
						CreatedOnToolsVersion = 7.2;
						DevelopmentTeam = 7A4Z68Y9JC;
						TestTargetID = D8E9252C1C734229008376CD;
					};
					D8E9254B1C73422A008376CD = {
						CreatedOnToolsVersion = 7.2;
						DevelopmentTeam = 7A4Z68Y9JC;
						TestTargetID = D8E9252C1C734229008376CD;
					};
				};
			};
			buildConfigurationList = D8E925281C734229008376CD /* Build configuration list for PBXProject "MovieManagr" */;
			compatibilityVersion = "Xcode 3.2";
			developmentRegion = English;
			hasScannedForEncodings = 0;
			knownRegions = (
				en,
				Base,
			);
			mainGroup = D8E925241C734229008376CD;
			productRefGroup = D8E9252E1C734229008376CD /* Products */;
			projectDirPath = "";
			projectRoot = "";
			targets = (
				D8E9252C1C734229008376CD /* MovieManagr */,
				D8E925401C73422A008376CD /* MovieManagrTests */,
				D8E9254B1C73422A008376CD /* MovieManagrUITests */,
			);
		};
/* End PBXProject section */

/* Begin PBXResourcesBuildPhase section */
		D8E9252B1C734229008376CD /* Resources */ = {
			isa = PBXResourcesBuildPhase;
			buildActionMask = 2147483647;
			files = (
				D8E9253B1C73422A008376CD /* LaunchScreen.storyboard in Resources */,
				D8E925381C73422A008376CD /* Assets.xcassets in Resources */,
				D8E925361C73422A008376CD /* Main.storyboard in Resources */,
			);
			runOnlyForDeploymentPostprocessing = 0;
		};
		D8E9253F1C73422A008376CD /* Resources */ = {
			isa = PBXResourcesBuildPhase;
			buildActionMask = 2147483647;
			files = (
			);
			runOnlyForDeploymentPostprocessing = 0;
		};
		D8E9254A1C73422A008376CD /* Resources */ = {
			isa = PBXResourcesBuildPhase;
			buildActionMask = 2147483647;
			files = (
			);
			runOnlyForDeploymentPostprocessing = 0;
		};
/* End PBXResourcesBuildPhase section */

/* Begin PBXSourcesBuildPhase section */
		D8E925291C734229008376CD /* Sources */ = {
			isa = PBXSourcesBuildPhase;
			buildActionMask = 2147483647;
			files = (
				D8E9257B1C734D28008376CD /* FavoritesViewController.swift in Sources */,
				D8E925731C7345CF008376CD /* TMDBMovie.swift in Sources */,
				D8E925711C7345A6008376CD /* TMDBConfig.swift in Sources */,
				D8E9256F1C73452F008376CD /* TMDBConstants.swift in Sources */,
				D8E925791C734CFA008376CD /* MoviePickerViewController.swift in Sources */,
				D8E9256B1C7344A3008376CD /* TMDBConvenience.swift in Sources */,
				D8E925631C734378008376CD /* GCDBlackBox.swift in Sources */,
				D8E925671C7343BD008376CD /* BorderedButton.swift in Sources */,
				D8E9256D1C7344E9008376CD /* TMDBClient.swift in Sources */,
				D8E925311C734229008376CD /* AppDelegate.swift in Sources */,
				D83C0F841C73D9AA0072173B /* WatchlistViewController.swift in Sources */,
				D8E925751C734631008376CD /* LoginViewController.swift in Sources */,
				D8E925771C734CD9008376CD /* MovieDetailViewController.swift in Sources */,
				D8E925691C734435008376CD /* TMDBAuthViewController.swift in Sources */,
			);
			runOnlyForDeploymentPostprocessing = 0;
		};
		D8E9253D1C73422A008376CD /* Sources */ = {
			isa = PBXSourcesBuildPhase;
			buildActionMask = 2147483647;
			files = (
				D8E925461C73422A008376CD /* MovieManagrTests.swift in Sources */,
			);
			runOnlyForDeploymentPostprocessing = 0;
		};
		D8E925481C73422A008376CD /* Sources */ = {
			isa = PBXSourcesBuildPhase;
			buildActionMask = 2147483647;
			files = (
				D8E925511C73422A008376CD /* MovieManagrUITests.swift in Sources */,
			);
			runOnlyForDeploymentPostprocessing = 0;
		};
/* End PBXSourcesBuildPhase section */

/* Begin PBXTargetDependency section */
		D8E925431C73422A008376CD /* PBXTargetDependency */ = {
			isa = PBXTargetDependency;
			target = D8E9252C1C734229008376CD /* MovieManagr */;
			targetProxy = D8E925421C73422A008376CD /* PBXContainerItemProxy */;
		};
		D8E9254E1C73422A008376CD /* PBXTargetDependency */ = {
			isa = PBXTargetDependency;
			target = D8E9252C1C734229008376CD /* MovieManagr */;
			targetProxy = D8E9254D1C73422A008376CD /* PBXContainerItemProxy */;
		};
/* End PBXTargetDependency section */

/* Begin PBXVariantGroup section */
		D8E925341C73422A008376CD /* Main.storyboard */ = {
			isa = PBXVariantGroup;
			children = (
				D8E925351C73422A008376CD /* Base */,
			);
			name = Main.storyboard;
			sourceTree = "<group>";
		};
		D8E925391C73422A008376CD /* LaunchScreen.storyboard */ = {
			isa = PBXVariantGroup;
			children = (
				D8E9253A1C73422A008376CD /* Base */,
			);
			name = LaunchScreen.storyboard;
			sourceTree = "<group>";
		};
/* End PBXVariantGroup section */

/* Begin XCBuildConfiguration section */
		D8E925531C73422A008376CD /* Debug */ = {
			isa = XCBuildConfiguration;
			buildSettings = {
				ALWAYS_SEARCH_USER_PATHS = NO;
				CLANG_CXX_LANGUAGE_STANDARD = "gnu++0x";
				CLANG_CXX_LIBRARY = "libc++";
				CLANG_ENABLE_MODULES = YES;
				CLANG_ENABLE_OBJC_ARC = YES;
				CLANG_WARN_BOOL_CONVERSION = YES;
				CLANG_WARN_CONSTANT_CONVERSION = YES;
				CLANG_WARN_DIRECT_OBJC_ISA_USAGE = YES_ERROR;
				CLANG_WARN_EMPTY_BODY = YES;
				CLANG_WARN_ENUM_CONVERSION = YES;
				CLANG_WARN_INT_CONVERSION = YES;
				CLANG_WARN_OBJC_ROOT_CLASS = YES_ERROR;
				CLANG_WARN_UNREACHABLE_CODE = YES;
				CLANG_WARN__DUPLICATE_METHOD_MATCH = YES;
				"CODE_SIGN_IDENTITY[sdk=iphoneos*]" = "iPhone Developer";
				COPY_PHASE_STRIP = NO;
				DEBUG_INFORMATION_FORMAT = dwarf;
				ENABLE_STRICT_OBJC_MSGSEND = YES;
				ENABLE_TESTABILITY = YES;
				GCC_C_LANGUAGE_STANDARD = gnu99;
				GCC_DYNAMIC_NO_PIC = NO;
				GCC_NO_COMMON_BLOCKS = YES;
				GCC_OPTIMIZATION_LEVEL = 0;
				GCC_PREPROCESSOR_DEFINITIONS = (
					"DEBUG=1",
					"$(inherited)",
				);
				GCC_WARN_64_TO_32_BIT_CONVERSION = YES;
				GCC_WARN_ABOUT_RETURN_TYPE = YES_ERROR;
				GCC_WARN_UNDECLARED_SELECTOR = YES;
				GCC_WARN_UNINITIALIZED_AUTOS = YES_AGGRESSIVE;
				GCC_WARN_UNUSED_FUNCTION = YES;
				GCC_WARN_UNUSED_VARIABLE = YES;
				IPHONEOS_DEPLOYMENT_TARGET = 9.2;
				MTL_ENABLE_DEBUG_INFO = YES;
				ONLY_ACTIVE_ARCH = YES;
				SDKROOT = iphoneos;
				SWIFT_OPTIMIZATION_LEVEL = "-Onone";
				TARGETED_DEVICE_FAMILY = "1,2";
			};
			name = Debug;
		};
		D8E925541C73422A008376CD /* Release */ = {
			isa = XCBuildConfiguration;
			buildSettings = {
				ALWAYS_SEARCH_USER_PATHS = NO;
				CLANG_CXX_LANGUAGE_STANDARD = "gnu++0x";
				CLANG_CXX_LIBRARY = "libc++";
				CLANG_ENABLE_MODULES = YES;
				CLANG_ENABLE_OBJC_ARC = YES;
				CLANG_WARN_BOOL_CONVERSION = YES;
				CLANG_WARN_CONSTANT_CONVERSION = YES;
				CLANG_WARN_DIRECT_OBJC_ISA_USAGE = YES_ERROR;
				CLANG_WARN_EMPTY_BODY = YES;
				CLANG_WARN_ENUM_CONVERSION = YES;
				CLANG_WARN_INT_CONVERSION = YES;
				CLANG_WARN_OBJC_ROOT_CLASS = YES_ERROR;
				CLANG_WARN_UNREACHABLE_CODE = YES;
				CLANG_WARN__DUPLICATE_METHOD_MATCH = YES;
				"CODE_SIGN_IDENTITY[sdk=iphoneos*]" = "iPhone Developer";
				COPY_PHASE_STRIP = NO;
				DEBUG_INFORMATION_FORMAT = "dwarf-with-dsym";
				ENABLE_NS_ASSERTIONS = NO;
				ENABLE_STRICT_OBJC_MSGSEND = YES;
				GCC_C_LANGUAGE_STANDARD = gnu99;
				GCC_NO_COMMON_BLOCKS = YES;
				GCC_WARN_64_TO_32_BIT_CONVERSION = YES;
				GCC_WARN_ABOUT_RETURN_TYPE = YES_ERROR;
				GCC_WARN_UNDECLARED_SELECTOR = YES;
				GCC_WARN_UNINITIALIZED_AUTOS = YES_AGGRESSIVE;
				GCC_WARN_UNUSED_FUNCTION = YES;
				GCC_WARN_UNUSED_VARIABLE = YES;
				IPHONEOS_DEPLOYMENT_TARGET = 9.2;
				MTL_ENABLE_DEBUG_INFO = NO;
				SDKROOT = iphoneos;
				TARGETED_DEVICE_FAMILY = "1,2";
				VALIDATE_PRODUCT = YES;
			};
			name = Release;
		};
		D8E925561C73422A008376CD /* Debug */ = {
			isa = XCBuildConfiguration;
			buildSettings = {
				ASSETCATALOG_COMPILER_APPICON_NAME = AppIcon;
				INFOPLIST_FILE = MovieManagr/Info.plist;
				LD_RUNPATH_SEARCH_PATHS = "$(inherited) @executable_path/Frameworks";
				PRODUCT_BUNDLE_IDENTIFIER = JV.MovieManagr;
				PRODUCT_NAME = "$(TARGET_NAME)";
			};
			name = Debug;
		};
		D8E925571C73422A008376CD /* Release */ = {
			isa = XCBuildConfiguration;
			buildSettings = {
				ASSETCATALOG_COMPILER_APPICON_NAME = AppIcon;
				INFOPLIST_FILE = MovieManagr/Info.plist;
				LD_RUNPATH_SEARCH_PATHS = "$(inherited) @executable_path/Frameworks";
				PRODUCT_BUNDLE_IDENTIFIER = JV.MovieManagr;
				PRODUCT_NAME = "$(TARGET_NAME)";
			};
			name = Release;
		};
		D8E925591C73422A008376CD /* Debug */ = {
			isa = XCBuildConfiguration;
			buildSettings = {
				BUNDLE_LOADER = "$(TEST_HOST)";
				INFOPLIST_FILE = MovieManagrTests/Info.plist;
				LD_RUNPATH_SEARCH_PATHS = "$(inherited) @executable_path/Frameworks @loader_path/Frameworks";
				PRODUCT_BUNDLE_IDENTIFIER = JV.MovieManagrTests;
				PRODUCT_NAME = "$(TARGET_NAME)";
				TEST_HOST = "$(BUILT_PRODUCTS_DIR)/MovieManagr.app/MovieManagr";
			};
			name = Debug;
		};
		D8E9255A1C73422A008376CD /* Release */ = {
			isa = XCBuildConfiguration;
			buildSettings = {
				BUNDLE_LOADER = "$(TEST_HOST)";
				INFOPLIST_FILE = MovieManagrTests/Info.plist;
				LD_RUNPATH_SEARCH_PATHS = "$(inherited) @executable_path/Frameworks @loader_path/Frameworks";
				PRODUCT_BUNDLE_IDENTIFIER = JV.MovieManagrTests;
				PRODUCT_NAME = "$(TARGET_NAME)";
				TEST_HOST = "$(BUILT_PRODUCTS_DIR)/MovieManagr.app/MovieManagr";
			};
			name = Release;
		};
		D8E9255C1C73422A008376CD /* Debug */ = {
			isa = XCBuildConfiguration;
			buildSettings = {
				INFOPLIST_FILE = MovieManagrUITests/Info.plist;
				LD_RUNPATH_SEARCH_PATHS = "$(inherited) @executable_path/Frameworks @loader_path/Frameworks";
				PRODUCT_BUNDLE_IDENTIFIER = JV.MovieManagrUITests;
				PRODUCT_NAME = "$(TARGET_NAME)";
				TEST_TARGET_NAME = MovieManagr;
				USES_XCTRUNNER = YES;
			};
			name = Debug;
		};
		D8E9255D1C73422A008376CD /* Release */ = {
			isa = XCBuildConfiguration;
			buildSettings = {
				INFOPLIST_FILE = MovieManagrUITests/Info.plist;
				LD_RUNPATH_SEARCH_PATHS = "$(inherited) @executable_path/Frameworks @loader_path/Frameworks";
				PRODUCT_BUNDLE_IDENTIFIER = JV.MovieManagrUITests;
				PRODUCT_NAME = "$(TARGET_NAME)";
				TEST_TARGET_NAME = MovieManagr;
				USES_XCTRUNNER = YES;
			};
			name = Release;
		};
/* End XCBuildConfiguration section */

/* Begin XCConfigurationList section */
		D8E925281C734229008376CD /* Build configuration list for PBXProject "MovieManagr" */ = {
			isa = XCConfigurationList;
			buildConfigurations = (
				D8E925531C73422A008376CD /* Debug */,
				D8E925541C73422A008376CD /* Release */,
			);
			defaultConfigurationIsVisible = 0;
			defaultConfigurationName = Release;
		};
		D8E925551C73422A008376CD /* Build configuration list for PBXNativeTarget "MovieManagr" */ = {
			isa = XCConfigurationList;
			buildConfigurations = (
				D8E925561C73422A008376CD /* Debug */,
				D8E925571C73422A008376CD /* Release */,
			);
			defaultConfigurationIsVisible = 0;
			defaultConfigurationName = Release;
		};
		D8E925581C73422A008376CD /* Build configuration list for PBXNativeTarget "MovieManagrTests" */ = {
			isa = XCConfigurationList;
			buildConfigurations = (
				D8E925591C73422A008376CD /* Debug */,
				D8E9255A1C73422A008376CD /* Release */,
			);
			defaultConfigurationIsVisible = 0;
			defaultConfigurationName = Release;
		};
		D8E9255B1C73422A008376CD /* Build configuration list for PBXNativeTarget "MovieManagrUITests" */ = {
			isa = XCConfigurationList;
			buildConfigurations = (
				D8E9255C1C73422A008376CD /* Debug */,
				D8E9255D1C73422A008376CD /* Release */,
			);
			defaultConfigurationIsVisible = 0;
			defaultConfigurationName = Release;
		};
/* End XCConfigurationList section */
	};
	rootObject = D8E925251C734229008376CD /* Project object */;
}
